// !$*UTF8*$!
{
	archiveVersion = 1;
	classes = {
	};
	objectVersion = 51;
	objects = {

/* Begin PBXBuildFile section */
		359949CE87B6C771464FA6A9 /* Pods_Todoey.framework in Frameworks */ = {isa = PBXBuildFile; fileRef = D0CB8EFF2B5C44A406634FAB /* Pods_Todoey.framework */; };
		D6357D6C2404162100E7FF33 /* Item.swift in Sources */ = {isa = PBXBuildFile; fileRef = D6357D6B2404162100E7FF33 /* Item.swift */; };
		D6357D6E2404162D00E7FF33 /* Category.swift in Sources */ = {isa = PBXBuildFile; fileRef = D6357D6D2404162D00E7FF33 /* Category.swift */; };
		D6AD4E9A24032FB70029C4CF /* CategoryViewController.swift in Sources */ = {isa = PBXBuildFile; fileRef = D6AD4E9924032FB70029C4CF /* CategoryViewController.swift */; };
		D6E08CEE2401D20F007FF6ED /* AppDelegate.swift in Sources */ = {isa = PBXBuildFile; fileRef = D6E08CED2401D20F007FF6ED /* AppDelegate.swift */; };
		D6E08CF02401D20F007FF6ED /* SceneDelegate.swift in Sources */ = {isa = PBXBuildFile; fileRef = D6E08CEF2401D20F007FF6ED /* SceneDelegate.swift */; };
		D6E08CF22401D20F007FF6ED /* TodoListViewController.swift in Sources */ = {isa = PBXBuildFile; fileRef = D6E08CF12401D20F007FF6ED /* TodoListViewController.swift */; };
		D6E08CF52401D20F007FF6ED /* Main.storyboard in Resources */ = {isa = PBXBuildFile; fileRef = D6E08CF32401D20F007FF6ED /* Main.storyboard */; };
		D6E08CF72401D211007FF6ED /* Assets.xcassets in Resources */ = {isa = PBXBuildFile; fileRef = D6E08CF62401D211007FF6ED /* Assets.xcassets */; };
		D6E08CFA2401D211007FF6ED /* LaunchScreen.storyboard in Resources */ = {isa = PBXBuildFile; fileRef = D6E08CF82401D211007FF6ED /* LaunchScreen.storyboard */; };
/* End PBXBuildFile section */

/* Begin PBXFileReference section */
		4B7A094FAB21F5E1AB92CBF2 /* Pods-Todoey.debug.xcconfig */ = {isa = PBXFileReference; includeInIndex = 1; lastKnownFileType = text.xcconfig; name = "Pods-Todoey.debug.xcconfig"; path = "Target Support Files/Pods-Todoey/Pods-Todoey.debug.xcconfig"; sourceTree = "<group>"; };
		64311F5FEBA2366F7D1F308A /* Pods-Todoey.release.xcconfig */ = {isa = PBXFileReference; includeInIndex = 1; lastKnownFileType = text.xcconfig; name = "Pods-Todoey.release.xcconfig"; path = "Target Support Files/Pods-Todoey/Pods-Todoey.release.xcconfig"; sourceTree = "<group>"; };
		D0CB8EFF2B5C44A406634FAB /* Pods_Todoey.framework */ = {isa = PBXFileReference; explicitFileType = wrapper.framework; includeInIndex = 0; path = Pods_Todoey.framework; sourceTree = BUILT_PRODUCTS_DIR; };
		D6357D6B2404162100E7FF33 /* Item.swift */ = {isa = PBXFileReference; lastKnownFileType = sourcecode.swift; path = Item.swift; sourceTree = "<group>"; };
		D6357D6D2404162D00E7FF33 /* Category.swift */ = {isa = PBXFileReference; lastKnownFileType = sourcecode.swift; path = Category.swift; sourceTree = "<group>"; };
		D6AD4E9924032FB70029C4CF /* CategoryViewController.swift */ = {isa = PBXFileReference; lastKnownFileType = sourcecode.swift; path = CategoryViewController.swift; sourceTree = "<group>"; };
		D6E08CEA2401D20F007FF6ED /* Todoey.app */ = {isa = PBXFileReference; explicitFileType = wrapper.application; includeInIndex = 0; path = Todoey.app; sourceTree = BUILT_PRODUCTS_DIR; };
		D6E08CED2401D20F007FF6ED /* AppDelegate.swift */ = {isa = PBXFileReference; lastKnownFileType = sourcecode.swift; path = AppDelegate.swift; sourceTree = "<group>"; };
		D6E08CEF2401D20F007FF6ED /* SceneDelegate.swift */ = {isa = PBXFileReference; lastKnownFileType = sourcecode.swift; path = SceneDelegate.swift; sourceTree = "<group>"; };
		D6E08CF12401D20F007FF6ED /* TodoListViewController.swift */ = {isa = PBXFileReference; lastKnownFileType = sourcecode.swift; path = TodoListViewController.swift; sourceTree = "<group>"; };
		D6E08CF42401D20F007FF6ED /* Base */ = {isa = PBXFileReference; lastKnownFileType = file.storyboard; name = Base; path = Base.lproj/Main.storyboard; sourceTree = "<group>"; };
		D6E08CF62401D211007FF6ED /* Assets.xcassets */ = {isa = PBXFileReference; lastKnownFileType = folder.assetcatalog; path = Assets.xcassets; sourceTree = "<group>"; };
		D6E08CF92401D211007FF6ED /* Base */ = {isa = PBXFileReference; lastKnownFileType = file.storyboard; name = Base; path = Base.lproj/LaunchScreen.storyboard; sourceTree = "<group>"; };
		D6E08CFB2401D211007FF6ED /* Info.plist */ = {isa = PBXFileReference; lastKnownFileType = text.plist.xml; path = Info.plist; sourceTree = "<group>"; };
/* End PBXFileReference section */

/* Begin PBXFrameworksBuildPhase section */
		D6E08CE72401D20F007FF6ED /* Frameworks */ = {
			isa = PBXFrameworksBuildPhase;
			buildActionMask = 2147483647;
			files = (
				359949CE87B6C771464FA6A9 /* Pods_Todoey.framework in Frameworks */,
			);
			runOnlyForDeploymentPostprocessing = 0;
		};
/* End PBXFrameworksBuildPhase section */

/* Begin PBXGroup section */
		09F979DFACFDE7CDF4A613D4 /* Frameworks */ = {
			isa = PBXGroup;
			children = (
				D0CB8EFF2B5C44A406634FAB /* Pods_Todoey.framework */,
			);
			name = Frameworks;
			sourceTree = "<group>";
		};
		22126C93446E31A731B15952 /* Pods */ = {
			isa = PBXGroup;
			children = (
				4B7A094FAB21F5E1AB92CBF2 /* Pods-Todoey.debug.xcconfig */,
				64311F5FEBA2366F7D1F308A /* Pods-Todoey.release.xcconfig */,
			);
			path = Pods;
			sourceTree = "<group>";
		};
		D6E08CE12401D20F007FF6ED = {
			isa = PBXGroup;
			children = (
				D6E08CEC2401D20F007FF6ED /* Todoey */,
				D6E08CEB2401D20F007FF6ED /* Products */,
				22126C93446E31A731B15952 /* Pods */,
				09F979DFACFDE7CDF4A613D4 /* Frameworks */,
			);
			sourceTree = "<group>";
		};
		D6E08CEB2401D20F007FF6ED /* Products */ = {
			isa = PBXGroup;
			children = (
				D6E08CEA2401D20F007FF6ED /* Todoey.app */,
			);
			name = Products;
			sourceTree = "<group>";
		};
		D6E08CEC2401D20F007FF6ED /* Todoey */ = {
			isa = PBXGroup;
			children = (
				D6E08CED2401D20F007FF6ED /* AppDelegate.swift */,
				D6E08CEF2401D20F007FF6ED /* SceneDelegate.swift */,
				D6E08D042402A20F007FF6ED /* Controllers */,
				D6E08D032402A1CB007FF6ED /* Data Model */,
				D6E08CF62401D211007FF6ED /* Assets.xcassets */,
				D6E08CF82401D211007FF6ED /* LaunchScreen.storyboard */,
				D6E08CFB2401D211007FF6ED /* Info.plist */,
			);
			path = Todoey;
			sourceTree = "<group>";
		};
		D6E08D032402A1CB007FF6ED /* Data Model */ = {
			isa = PBXGroup;
			children = (
				D6357D6B2404162100E7FF33 /* Item.swift */,
				D6357D6D2404162D00E7FF33 /* Category.swift */,
				D6E08D052402A218007FF6ED /* Views */,
			);
			path = "Data Model";
			sourceTree = "<group>";
		};
		D6E08D042402A20F007FF6ED /* Controllers */ = {
			isa = PBXGroup;
			children = (
				D6AD4E9924032FB70029C4CF /* CategoryViewController.swift */,
				D6E08CF12401D20F007FF6ED /* TodoListViewController.swift */,
			);
			path = Controllers;
			sourceTree = "<group>";
		};
		D6E08D052402A218007FF6ED /* Views */ = {
			isa = PBXGroup;
			children = (
				D6E08CF32401D20F007FF6ED /* Main.storyboard */,
			);
			path = Views;
			sourceTree = "<group>";
		};
/* End PBXGroup section */

/* Begin PBXNativeTarget section */
		D6E08CE92401D20F007FF6ED /* Todoey */ = {
			isa = PBXNativeTarget;
			buildConfigurationList = D6E08CFE2401D211007FF6ED /* Build configuration list for PBXNativeTarget "Todoey" */;
			buildPhases = (
				8A684B5F37F0EE7FD483750E /* [CP] Check Pods Manifest.lock */,
				D6E08CE62401D20F007FF6ED /* Sources */,
				D6E08CE72401D20F007FF6ED /* Frameworks */,
				D6E08CE82401D20F007FF6ED /* Resources */,
				1DC43EDF3044C2717E2E85A2 /* [CP] Embed Pods Frameworks */,
			);
			buildRules = (
			);
			dependencies = (
			);
			name = Todoey;
			productName = Todoey;
			productReference = D6E08CEA2401D20F007FF6ED /* Todoey.app */;
			productType = "com.apple.product-type.application";
		};
/* End PBXNativeTarget section */

/* Begin PBXProject section */
		D6E08CE22401D20F007FF6ED /* Project object */ = {
			isa = PBXProject;
			attributes = {
				LastSwiftUpdateCheck = 1130;
				LastUpgradeCheck = 1130;
				ORGANIZATIONNAME = Sera;
				TargetAttributes = {
					D6E08CE92401D20F007FF6ED = {
						CreatedOnToolsVersion = 11.3.1;
					};
				};
			};
			buildConfigurationList = D6E08CE52401D20F007FF6ED /* Build configuration list for PBXProject "Todoey" */;
			compatibilityVersion = "Xcode 9.3";
			developmentRegion = en;
			hasScannedForEncodings = 0;
			knownRegions = (
				en,
				Base,
			);
			mainGroup = D6E08CE12401D20F007FF6ED;
			productRefGroup = D6E08CEB2401D20F007FF6ED /* Products */;
			projectDirPath = "";
			projectRoot = "";
			targets = (
				D6E08CE92401D20F007FF6ED /* Todoey */,
			);
		};
/* End PBXProject section */

/* Begin PBXResourcesBuildPhase section */
		D6E08CE82401D20F007FF6ED /* Resources */ = {
			isa = PBXResourcesBuildPhase;
			buildActionMask = 2147483647;
			files = (
				D6E08CFA2401D211007FF6ED /* LaunchScreen.storyboard in Resources */,
				D6E08CF72401D211007FF6ED /* Assets.xcassets in Resources */,
				D6E08CF52401D20F007FF6ED /* Main.storyboard in Resources */,
			);
			runOnlyForDeploymentPostprocessing = 0;
		};
/* End PBXResourcesBuildPhase section */

/* Begin PBXShellScriptBuildPhase section */
		1DC43EDF3044C2717E2E85A2 /* [CP] Embed Pods Frameworks */ = {
			isa = PBXShellScriptBuildPhase;
			buildActionMask = 2147483647;
			files = (
			);
			inputFileListPaths = (
				"${PODS_ROOT}/Target Support Files/Pods-Todoey/Pods-Todoey-frameworks-${CONFIGURATION}-input-files.xcfilelist",
			);
			name = "[CP] Embed Pods Frameworks";
			outputFileListPaths = (
				"${PODS_ROOT}/Target Support Files/Pods-Todoey/Pods-Todoey-frameworks-${CONFIGURATION}-output-files.xcfilelist",
			);
			runOnlyForDeploymentPostprocessing = 0;
			shellPath = /bin/sh;
			shellScript = "\"${PODS_ROOT}/Target Support Files/Pods-Todoey/Pods-Todoey-frameworks.sh\"\n";
			showEnvVarsInLog = 0;
		};
		8A684B5F37F0EE7FD483750E /* [CP] Check Pods Manifest.lock */ = {
			isa = PBXShellScriptBuildPhase;
			buildActionMask = 2147483647;
			files = (
			);
			inputFileListPaths = (
			);
			inputPaths = (
				"${PODS_PODFILE_DIR_PATH}/Podfile.lock",
				"${PODS_ROOT}/Manifest.lock",
			);
			name = "[CP] Check Pods Manifest.lock";
			outputFileListPaths = (
			);
			outputPaths = (
				"$(DERIVED_FILE_DIR)/Pods-Todoey-checkManifestLockResult.txt",
			);
			runOnlyForDeploymentPostprocessing = 0;
			shellPath = /bin/sh;
			shellScript = "diff \"${PODS_PODFILE_DIR_PATH}/Podfile.lock\" \"${PODS_ROOT}/Manifest.lock\" > /dev/null\nif [ $? != 0 ] ; then\n    # print error to STDERR\n    echo \"error: The sandbox is not in sync with the Podfile.lock. Run 'pod install' or update your CocoaPods installation.\" >&2\n    exit 1\nfi\n# This output is used by Xcode 'outputs' to avoid re-running this script phase.\necho \"SUCCESS\" > \"${SCRIPT_OUTPUT_FILE_0}\"\n";
			showEnvVarsInLog = 0;
		};
/* End PBXShellScriptBuildPhase section */

/* Begin PBXSourcesBuildPhase section */
		D6E08CE62401D20F007FF6ED /* Sources */ = {
			isa = PBXSourcesBuildPhase;
			buildActionMask = 2147483647;
			files = (
				D6AD4E9A24032FB70029C4CF /* CategoryViewController.swift in Sources */,
				D6E08CF22401D20F007FF6ED /* TodoListViewController.swift in Sources */,
				D6E08CEE2401D20F007FF6ED /* AppDelegate.swift in Sources */,
				D6357D6C2404162100E7FF33 /* Item.swift in Sources */,
				D6E08CF02401D20F007FF6ED /* SceneDelegate.swift in Sources */,
				D6357D6E2404162D00E7FF33 /* Category.swift in Sources */,
			);
			runOnlyForDeploymentPostprocessing = 0;
		};
/* End PBXSourcesBuildPhase section */

/* Begin PBXVariantGroup section */
		D6E08CF32401D20F007FF6ED /* Main.storyboard */ = {
			isa = PBXVariantGroup;
			children = (
				D6E08CF42401D20F007FF6ED /* Base */,
			);
			name = Main.storyboard;
			sourceTree = "<group>";
		};
		D6E08CF82401D211007FF6ED /* LaunchScreen.storyboard */ = {
			isa = PBXVariantGroup;
			children = (
				D6E08CF92401D211007FF6ED /* Base */,
			);
			name = LaunchScreen.storyboard;
			sourceTree = "<group>";
		};
/* End PBXVariantGroup section */

/* Begin XCBuildConfiguration section */
		D6E08CFC2401D211007FF6ED /* Debug */ = {
			isa = XCBuildConfiguration;
			buildSettings = {
				ALWAYS_SEARCH_USER_PATHS = NO;
				CLANG_ANALYZER_NONNULL = YES;
				CLANG_ANALYZER_NUMBER_OBJECT_CONVERSION = YES_AGGRESSIVE;
				CLANG_CXX_LANGUAGE_STANDARD = "gnu++14";
				CLANG_CXX_LIBRARY = "libc++";
				CLANG_ENABLE_MODULES = YES;
				CLANG_ENABLE_OBJC_ARC = YES;
				CLANG_ENABLE_OBJC_WEAK = YES;
				CLANG_WARN_BLOCK_CAPTURE_AUTORELEASING = YES;
				CLANG_WARN_BOOL_CONVERSION = YES;
				CLANG_WARN_COMMA = YES;
				CLANG_WARN_CONSTANT_CONVERSION = YES;
				CLANG_WARN_DEPRECATED_OBJC_IMPLEMENTATIONS = YES;
				CLANG_WARN_DIRECT_OBJC_ISA_USAGE = YES_ERROR;
				CLANG_WARN_DOCUMENTATION_COMMENTS = YES;
				CLANG_WARN_EMPTY_BODY = YES;
				CLANG_WARN_ENUM_CONVERSION = YES;
				CLANG_WARN_INFINITE_RECURSION = YES;
				CLANG_WARN_INT_CONVERSION = YES;
				CLANG_WARN_NON_LITERAL_NULL_CONVERSION = YES;
				CLANG_WARN_OBJC_IMPLICIT_RETAIN_SELF = YES;
				CLANG_WARN_OBJC_LITERAL_CONVERSION = YES;
				CLANG_WARN_OBJC_ROOT_CLASS = YES_ERROR;
				CLANG_WARN_RANGE_LOOP_ANALYSIS = YES;
				CLANG_WARN_STRICT_PROTOTYPES = YES;
				CLANG_WARN_SUSPICIOUS_MOVE = YES;
				CLANG_WARN_UNGUARDED_AVAILABILITY = YES_AGGRESSIVE;
				CLANG_WARN_UNREACHABLE_CODE = YES;
				CLANG_WARN__DUPLICATE_METHOD_MATCH = YES;
				COPY_PHASE_STRIP = NO;
				DEBUG_INFORMATION_FORMAT = dwarf;
				ENABLE_STRICT_OBJC_MSGSEND = YES;
				ENABLE_TESTABILITY = YES;
				GCC_C_LANGUAGE_STANDARD = gnu11;
				GCC_DYNAMIC_NO_PIC = NO;
				GCC_NO_COMMON_BLOCKS = YES;
				GCC_OPTIMIZATION_LEVEL = 0;
				GCC_PREPROCESSOR_DEFINITIONS = (
					"DEBUG=1",
					"$(inherited)",
				);
				GCC_WARN_64_TO_32_BIT_CONVERSION = YES;
				GCC_WARN_ABOUT_RETURN_TYPE = YES_ERROR;
				GCC_WARN_UNDECLARED_SELECTOR = YES;
				GCC_WARN_UNINITIALIZED_AUTOS = YES_AGGRESSIVE;
				GCC_WARN_UNUSED_FUNCTION = YES;
				GCC_WARN_UNUSED_VARIABLE = YES;
				IPHONEOS_DEPLOYMENT_TARGET = 13.2;
				MTL_ENABLE_DEBUG_INFO = INCLUDE_SOURCE;
				MTL_FAST_MATH = YES;
				ONLY_ACTIVE_ARCH = YES;
				SDKROOT = iphoneos;
				SWIFT_ACTIVE_COMPILATION_CONDITIONS = DEBUG;
				SWIFT_OPTIMIZATION_LEVEL = "-Onone";
			};
			name = Debug;
		};
		D6E08CFD2401D211007FF6ED /* Release */ = {
			isa = XCBuildConfiguration;
			buildSettings = {
				ALWAYS_SEARCH_USER_PATHS = NO;
				CLANG_ANALYZER_NONNULL = YES;
				CLANG_ANALYZER_NUMBER_OBJECT_CONVERSION = YES_AGGRESSIVE;
				CLANG_CXX_LANGUAGE_STANDARD = "gnu++14";
				CLANG_CXX_LIBRARY = "libc++";
				CLANG_ENABLE_MODULES = YES;
				CLANG_ENABLE_OBJC_ARC = YES;
				CLANG_ENABLE_OBJC_WEAK = YES;
				CLANG_WARN_BLOCK_CAPTURE_AUTORELEASING = YES;
				CLANG_WARN_BOOL_CONVERSION = YES;
				CLANG_WARN_COMMA = YES;
				CLANG_WARN_CONSTANT_CONVERSION = YES;
				CLANG_WARN_DEPRECATED_OBJC_IMPLEMENTATIONS = YES;
				CLANG_WARN_DIRECT_OBJC_ISA_USAGE = YES_ERROR;
				CLANG_WARN_DOCUMENTATION_COMMENTS = YES;
				CLANG_WARN_EMPTY_BODY = YES;
				CLANG_WARN_ENUM_CONVERSION = YES;
				CLANG_WARN_INFINITE_RECURSION = YES;
				CLANG_WARN_INT_CONVERSION = YES;
				CLANG_WARN_NON_LITERAL_NULL_CONVERSION = YES;
				CLANG_WARN_OBJC_IMPLICIT_RETAIN_SELF = YES;
				CLANG_WARN_OBJC_LITERAL_CONVERSION = YES;
				CLANG_WARN_OBJC_ROOT_CLASS = YES_ERROR;
				CLANG_WARN_RANGE_LOOP_ANALYSIS = YES;
				CLANG_WARN_STRICT_PROTOTYPES = YES;
				CLANG_WARN_SUSPICIOUS_MOVE = YES;
				CLANG_WARN_UNGUARDED_AVAILABILITY = YES_AGGRESSIVE;
				CLANG_WARN_UNREACHABLE_CODE = YES;
				CLANG_WARN__DUPLICATE_METHOD_MATCH = YES;
				COPY_PHASE_STRIP = NO;
				DEBUG_INFORMATION_FORMAT = "dwarf-with-dsym";
				ENABLE_NS_ASSERTIONS = NO;
				ENABLE_STRICT_OBJC_MSGSEND = YES;
				GCC_C_LANGUAGE_STANDARD = gnu11;
				GCC_NO_COMMON_BLOCKS = YES;
				GCC_WARN_64_TO_32_BIT_CONVERSION = YES;
				GCC_WARN_ABOUT_RETURN_TYPE = YES_ERROR;
				GCC_WARN_UNDECLARED_SELECTOR = YES;
				GCC_WARN_UNINITIALIZED_AUTOS = YES_AGGRESSIVE;
				GCC_WARN_UNUSED_FUNCTION = YES;
				GCC_WARN_UNUSED_VARIABLE = YES;
				IPHONEOS_DEPLOYMENT_TARGET = 13.2;
				MTL_ENABLE_DEBUG_INFO = NO;
				MTL_FAST_MATH = YES;
				SDKROOT = iphoneos;
				SWIFT_COMPILATION_MODE = wholemodule;
				SWIFT_OPTIMIZATION_LEVEL = "-O";
				VALIDATE_PRODUCT = YES;
			};
			name = Release;
		};
		D6E08CFF2401D211007FF6ED /* Debug */ = {
			isa = XCBuildConfiguration;
			baseConfigurationReference = 4B7A094FAB21F5E1AB92CBF2 /* Pods-Todoey.debug.xcconfig */;
			buildSettings = {
				ASSETCATALOG_COMPILER_APPICON_NAME = AppIcon;
				CODE_SIGN_STYLE = Automatic;
				DEVELOPMENT_TEAM = 9H8NRK4XM5;
				INFOPLIST_FILE = Todoey/Info.plist;
				LD_RUNPATH_SEARCH_PATHS = (
					"$(inherited)",
					"@executable_path/Frameworks",
				);
				PRODUCT_BUNDLE_IDENTIFIER = com.shumusoft.Todoey;
				PRODUCT_NAME = "$(TARGET_NAME)";
				SWIFT_VERSION = 5.0;
				TARGETED_DEVICE_FAMILY = "1,2";
			};
			name = Debug;
		};
		D6E08D002401D211007FF6ED /* Release */ = {
			isa = XCBuildConfiguration;
			baseConfigurationReference = 64311F5FEBA2366F7D1F308A /* Pods-Todoey.release.xcconfig */;
			buildSettings = {
				ASSETCATALOG_COMPILER_APPICON_NAME = AppIcon;
				CODE_SIGN_STYLE = Automatic;
				DEVELOPMENT_TEAM = 9H8NRK4XM5;
				INFOPLIST_FILE = Todoey/Info.plist;
				LD_RUNPATH_SEARCH_PATHS = (
					"$(inherited)",
					"@executable_path/Frameworks",
				);
				PRODUCT_BUNDLE_IDENTIFIER = com.shumusoft.Todoey;
				PRODUCT_NAME = "$(TARGET_NAME)";
				SWIFT_VERSION = 5.0;
				TARGETED_DEVICE_FAMILY = "1,2";
			};
			name = Release;
		};
/* End XCBuildConfiguration section */

/* Begin XCConfigurationList section */
		D6E08CE52401D20F007FF6ED /* Build configuration list for PBXProject "Todoey" */ = {
			isa = XCConfigurationList;
			buildConfigurations = (
				D6E08CFC2401D211007FF6ED /* Debug */,
				D6E08CFD2401D211007FF6ED /* Release */,
			);
			defaultConfigurationIsVisible = 0;
			defaultConfigurationName = Release;
		};
		D6E08CFE2401D211007FF6ED /* Build configuration list for PBXNativeTarget "Todoey" */ = {
			isa = XCConfigurationList;
			buildConfigurations = (
				D6E08CFF2401D211007FF6ED /* Debug */,
				D6E08D002401D211007FF6ED /* Release */,
			);
			defaultConfigurationIsVisible = 0;
			defaultConfigurationName = Release;
		};
/* End XCConfigurationList section */
	};
	rootObject = D6E08CE22401D20F007FF6ED /* Project object */;
}
